
Microsoft Visual Studio Solution File, Format Version 12.00
# Visual Studio Version 17
VisualStudioVersion = 17.4.33403.182
MinimumVisualStudioVersion = 10.0.40219.1
Project("{FAE04EC0-301F-11D3-BF4B-00C04F79EFBC}") = "Lab1", "Lab1\Lab1.csproj", "{8F33C69F-950A-4B11-8F1F-9B2E07234A2D}"
EndProject
Global
	GlobalSection(SolutionConfigurationPlatforms) = preSolution
		Debug|Any CPU = Debug|Any CPU
		Release|Any CPU = Release|Any CPU
	EndGlobalSection
	GlobalSection(ProjectConfigurationPlatforms) = postSolution
		{8F33C69F-950A-4B11-8F1F-9B2E07234A2D}.Debug|Any CPU.ActiveCfg = Debug|Any CPU
		{8F33C69F-950A-4B11-8F1F-9B2E07234A2D}.Debug|Any CPU.Build.0 = Debug|Any CPU
		{8F33C69F-950A-4B11-8F1F-9B2E07234A2D}.Release|Any CPU.ActiveCfg = Release|Any CPU
		{8F33C69F-950A-4B11-8F1F-9B2E07234A2D}.Release|Any CPU.Build.0 = Release|Any CPU
	EndGlobalSection
	GlobalSection(SolutionProperties) = preSolution
		HideSolutionNode = FALSE
	EndGlobalSection
	GlobalSection(ExtensibilityGlobals) = postSolution
		SolutionGuid = {1E4C9C4D-107E-448D-A8C8-1E1F1E1BFE99}
	EndGlobalSection
EndGlobal
